
Microsoft Visual Studio Solution File, Format Version 12.00
# Visual Studio Version 17
VisualStudioVersion = 17.7.34202.233
MinimumVisualStudioVersion = 10.0.40219.1
Project("{9A19103F-16F7-4668-BE54-9A1E7A4F7556}") = "StreamberryMoviesApi", "StreamberryMoviesApi.csproj", "{F17489A8-4488-4F04-83C1-9E60120AE229}"
EndProject
Global
	GlobalSection(SolutionConfigurationPlatforms) = preSolution
		Debug|Any CPU = Debug|Any CPU
		Release|Any CPU = Release|Any CPU
	EndGlobalSection
	GlobalSection(ProjectConfigurationPlatforms) = postSolution
		{F17489A8-4488-4F04-83C1-9E60120AE229}.Debug|Any CPU.ActiveCfg = Debug|Any CPU
		{F17489A8-4488-4F04-83C1-9E60120AE229}.Debug|Any CPU.Build.0 = Debug|Any CPU
		{F17489A8-4488-4F04-83C1-9E60120AE229}.Release|Any CPU.ActiveCfg = Release|Any CPU
		{F17489A8-4488-4F04-83C1-9E60120AE229}.Release|Any CPU.Build.0 = Release|Any CPU
	EndGlobalSection
	GlobalSection(SolutionProperties) = preSolution
		HideSolutionNode = FALSE
	EndGlobalSection
	GlobalSection(ExtensibilityGlobals) = postSolution
		SolutionGuid = {136128BF-8311-447E-92B5-14843CBBED0C}
	EndGlobalSection
EndGlobal
